# Set default inputs for your project here to avoid repeating the same options in your main workflow

name: Push block to Contensis
on:
  workflow_call:
    inputs:
      block-id:
        required: true
        type: string
      auto-release:
        default: false
        type: boolean
      image-uri:
        required: true
        type: string
      alias:
        default: leif
        type: string
      project-id:
        default: website
        type: string
      tag-repo:
        default: false
        type: boolean

jobs:
  push-block:
    name: ${{ inputs.block-id }} [${{ inputs.project-id }}]
    runs-on: ubuntu-latest

    steps:
      - name: Push block to ${{ inputs.project-id }} on ${{ inputs.alias }}
        id: push
        uses: contensis/block-push@v1
        with:
          block-id: ${{ inputs.block-id }}
          auto-release: ${{ inputs.auto-release }}
          alias: ${{ inputs.alias }}
          image-uri: ${{ inputs.image-uri }}
          project-id: ${{ inputs.project-id }}
          client-id: ${{ secrets.CONTENSIS_CLIENT_ID }}
          shared-secret: ${{ secrets.CONTENSIS_SHARED_SECRET }}
          tag-repo: ${{ inputs.tag-repo }}
          git-token: ${{ secrets.GITHUB_TOKEN }}
